
Microsoft Visual Studio Solution File, Format Version 12.00
# Visual Studio Version 17
VisualStudioVersion = 17.12.35527.113
MinimumVisualStudioVersion = 10.0.40219.1
Project("{FAE04EC0-301F-11D3-BF4B-00C04F79EFBC}") = "Factory", "Factory\Factory.csproj", "{F79CA05E-5399-4337-A33E-35FD84B9191C}"
EndProject
Project("{FAE04EC0-301F-11D3-BF4B-00C04F79EFBC}") = "AbstractFactory", "AbstractFactory\AbstractFactory.csproj", "{2D37E6C3-583B-4508-81C5-542578F39C62}"
EndProject
Project("{2150E333-8FDC-42A3-9474-1A3956D46DE8}") = "CreationalPatterns", "CreationalPatterns", "{6880F8F8-069D-4D97-9921-E8FC5E358A8E}"
EndProject
Project("{FAE04EC0-301F-11D3-BF4B-00C04F79EFBC}") = "Builder", "Builder\Builder.csproj", "{5D94ADBF-A878-40A9-82DE-B89570EDDD3B}"
EndProject
Project("{FAE04EC0-301F-11D3-BF4B-00C04F79EFBC}") = "Prototype", "Prototype\Prototype.csproj", "{FE93B904-74DC-46AA-AEDB-6412D8900DE9}"
EndProject
Project("{FAE04EC0-301F-11D3-BF4B-00C04F79EFBC}") = "Singleton", "Singleton\Singleton.csproj", "{0172E054-26E2-40E2-8386-2F8AB553DF34}"
EndProject
Project("{2150E333-8FDC-42A3-9474-1A3956D46DE8}") = "StructuralPatterns", "StructuralPatterns", "{35F61A85-2912-4389-BA59-6F6345C10D55}"
EndProject
Project("{FAE04EC0-301F-11D3-BF4B-00C04F79EFBC}") = "Adapter", "Adapter\Adapter.csproj", "{E6AE8D5B-A4C0-43C4-8998-1788D74924C1}"
EndProject
Project("{FAE04EC0-301F-11D3-BF4B-00C04F79EFBC}") = "Bridge", "Bridge\Bridge.csproj", "{C0F6E6E2-2EBE-4100-99E5-6B748BDA0311}"
EndProject
Project("{FAE04EC0-301F-11D3-BF4B-00C04F79EFBC}") = "Composite", "Composite\Composite.csproj", "{E44E1A57-0206-491B-AA60-618FF39086EE}"
EndProject
Project("{FAE04EC0-301F-11D3-BF4B-00C04F79EFBC}") = "Decorator", "Decorator\Decorator.csproj", "{91D795B5-F65C-47AA-B5DC-B404C1C67575}"
EndProject
Project("{FAE04EC0-301F-11D3-BF4B-00C04F79EFBC}") = "Facade", "Facade\Facade.csproj", "{54C89DB9-2DFD-4260-A372-B4CA5063B38E}"
EndProject
Project("{FAE04EC0-301F-11D3-BF4B-00C04F79EFBC}") = "Flyweight", "Flyweight\Flyweight.csproj", "{D28A54AB-EA3E-4504-818D-0E5D4377F265}"
EndProject
Project("{FAE04EC0-301F-11D3-BF4B-00C04F79EFBC}") = "Proxy", "Proxy\Proxy.csproj", "{CCF98EF8-4898-4591-9E13-1AC3C382DB3B}"
EndProject
Project("{2150E333-8FDC-42A3-9474-1A3956D46DE8}") = "BehavioralPatterns", "BehavioralPatterns", "{FC22119D-5173-437E-A062-80EA1A04DFC7}"
EndProject
Project("{FAE04EC0-301F-11D3-BF4B-00C04F79EFBC}") = "ChainOfResponsibility", "ChainOfResponsibility\ChainOfResponsibility.csproj", "{1C6C79D4-3115-42C3-85A9-6596F9087AAB}"
EndProject
Project("{FAE04EC0-301F-11D3-BF4B-00C04F79EFBC}") = "Command", "Command\Command.csproj", "{7DD9A420-31F1-4755-BA3B-5BC5D67EC8F4}"
EndProject
Project("{FAE04EC0-301F-11D3-BF4B-00C04F79EFBC}") = "Iterator", "Iterator\Iterator.csproj", "{A7700C03-E854-4CF9-A60A-CA2D4EBE6C73}"
EndProject
Project("{FAE04EC0-301F-11D3-BF4B-00C04F79EFBC}") = "Mediator", "Mediator\Mediator.csproj", "{58365856-50BD-459C-86C6-D84BE1BF4F32}"
EndProject
Project("{FAE04EC0-301F-11D3-BF4B-00C04F79EFBC}") = "Memento", "Memento\Memento.csproj", "{9CB0B3A7-0A6E-4546-880A-2C7E9AF63EAA}"
EndProject
Project("{FAE04EC0-301F-11D3-BF4B-00C04F79EFBC}") = "Observer", "Observer\Observer.csproj", "{B3BB946E-4318-4864-8A99-1C9607819068}"
EndProject
Project("{FAE04EC0-301F-11D3-BF4B-00C04F79EFBC}") = "State", "State\State.csproj", "{8C1352CD-05B7-4289-9382-C0BAC01C9971}"
EndProject
Global
	GlobalSection(SolutionConfigurationPlatforms) = preSolution
		Debug|Any CPU = Debug|Any CPU
		Release|Any CPU = Release|Any CPU
	EndGlobalSection
	GlobalSection(ProjectConfigurationPlatforms) = postSolution
		{F79CA05E-5399-4337-A33E-35FD84B9191C}.Debug|Any CPU.ActiveCfg = Debug|Any CPU
		{F79CA05E-5399-4337-A33E-35FD84B9191C}.Debug|Any CPU.Build.0 = Debug|Any CPU
		{F79CA05E-5399-4337-A33E-35FD84B9191C}.Release|Any CPU.ActiveCfg = Release|Any CPU
		{F79CA05E-5399-4337-A33E-35FD84B9191C}.Release|Any CPU.Build.0 = Release|Any CPU
		{2D37E6C3-583B-4508-81C5-542578F39C62}.Debug|Any CPU.ActiveCfg = Debug|Any CPU
		{2D37E6C3-583B-4508-81C5-542578F39C62}.Debug|Any CPU.Build.0 = Debug|Any CPU
		{2D37E6C3-583B-4508-81C5-542578F39C62}.Release|Any CPU.ActiveCfg = Release|Any CPU
		{2D37E6C3-583B-4508-81C5-542578F39C62}.Release|Any CPU.Build.0 = Release|Any CPU
		{5D94ADBF-A878-40A9-82DE-B89570EDDD3B}.Debug|Any CPU.ActiveCfg = Debug|Any CPU
		{5D94ADBF-A878-40A9-82DE-B89570EDDD3B}.Debug|Any CPU.Build.0 = Debug|Any CPU
		{5D94ADBF-A878-40A9-82DE-B89570EDDD3B}.Release|Any CPU.ActiveCfg = Release|Any CPU
		{5D94ADBF-A878-40A9-82DE-B89570EDDD3B}.Release|Any CPU.Build.0 = Release|Any CPU
		{FE93B904-74DC-46AA-AEDB-6412D8900DE9}.Debug|Any CPU.ActiveCfg = Debug|Any CPU
		{FE93B904-74DC-46AA-AEDB-6412D8900DE9}.Debug|Any CPU.Build.0 = Debug|Any CPU
		{FE93B904-74DC-46AA-AEDB-6412D8900DE9}.Release|Any CPU.ActiveCfg = Release|Any CPU
		{FE93B904-74DC-46AA-AEDB-6412D8900DE9}.Release|Any CPU.Build.0 = Release|Any CPU
		{0172E054-26E2-40E2-8386-2F8AB553DF34}.Debug|Any CPU.ActiveCfg = Debug|Any CPU
		{0172E054-26E2-40E2-8386-2F8AB553DF34}.Debug|Any CPU.Build.0 = Debug|Any CPU
		{0172E054-26E2-40E2-8386-2F8AB553DF34}.Release|Any CPU.ActiveCfg = Release|Any CPU
		{0172E054-26E2-40E2-8386-2F8AB553DF34}.Release|Any CPU.Build.0 = Release|Any CPU
		{E6AE8D5B-A4C0-43C4-8998-1788D74924C1}.Debug|Any CPU.ActiveCfg = Debug|Any CPU
		{E6AE8D5B-A4C0-43C4-8998-1788D74924C1}.Debug|Any CPU.Build.0 = Debug|Any CPU
		{E6AE8D5B-A4C0-43C4-8998-1788D74924C1}.Release|Any CPU.ActiveCfg = Release|Any CPU
		{E6AE8D5B-A4C0-43C4-8998-1788D74924C1}.Release|Any CPU.Build.0 = Release|Any CPU
		{C0F6E6E2-2EBE-4100-99E5-6B748BDA0311}.Debug|Any CPU.ActiveCfg = Debug|Any CPU
		{C0F6E6E2-2EBE-4100-99E5-6B748BDA0311}.Debug|Any CPU.Build.0 = Debug|Any CPU
		{C0F6E6E2-2EBE-4100-99E5-6B748BDA0311}.Release|Any CPU.ActiveCfg = Release|Any CPU
		{C0F6E6E2-2EBE-4100-99E5-6B748BDA0311}.Release|Any CPU.Build.0 = Release|Any CPU
		{E44E1A57-0206-491B-AA60-618FF39086EE}.Debug|Any CPU.ActiveCfg = Debug|Any CPU
		{E44E1A57-0206-491B-AA60-618FF39086EE}.Debug|Any CPU.Build.0 = Debug|Any CPU
		{E44E1A57-0206-491B-AA60-618FF39086EE}.Release|Any CPU.ActiveCfg = Release|Any CPU
		{E44E1A57-0206-491B-AA60-618FF39086EE}.Release|Any CPU.Build.0 = Release|Any CPU
		{91D795B5-F65C-47AA-B5DC-B404C1C67575}.Debug|Any CPU.ActiveCfg = Debug|Any CPU
		{91D795B5-F65C-47AA-B5DC-B404C1C67575}.Debug|Any CPU.Build.0 = Debug|Any CPU
		{91D795B5-F65C-47AA-B5DC-B404C1C67575}.Release|Any CPU.ActiveCfg = Release|Any CPU
		{91D795B5-F65C-47AA-B5DC-B404C1C67575}.Release|Any CPU.Build.0 = Release|Any CPU
		{54C89DB9-2DFD-4260-A372-B4CA5063B38E}.Debug|Any CPU.ActiveCfg = Debug|Any CPU
		{54C89DB9-2DFD-4260-A372-B4CA5063B38E}.Debug|Any CPU.Build.0 = Debug|Any CPU
		{54C89DB9-2DFD-4260-A372-B4CA5063B38E}.Release|Any CPU.ActiveCfg = Release|Any CPU
		{54C89DB9-2DFD-4260-A372-B4CA5063B38E}.Release|Any CPU.Build.0 = Release|Any CPU
		{D28A54AB-EA3E-4504-818D-0E5D4377F265}.Debug|Any CPU.ActiveCfg = Debug|Any CPU
		{D28A54AB-EA3E-4504-818D-0E5D4377F265}.Debug|Any CPU.Build.0 = Debug|Any CPU
		{D28A54AB-EA3E-4504-818D-0E5D4377F265}.Release|Any CPU.ActiveCfg = Release|Any CPU
		{D28A54AB-EA3E-4504-818D-0E5D4377F265}.Release|Any CPU.Build.0 = Release|Any CPU
		{CCF98EF8-4898-4591-9E13-1AC3C382DB3B}.Debug|Any CPU.ActiveCfg = Debug|Any CPU
		{CCF98EF8-4898-4591-9E13-1AC3C382DB3B}.Debug|Any CPU.Build.0 = Debug|Any CPU
		{CCF98EF8-4898-4591-9E13-1AC3C382DB3B}.Release|Any CPU.ActiveCfg = Release|Any CPU
		{CCF98EF8-4898-4591-9E13-1AC3C382DB3B}.Release|Any CPU.Build.0 = Release|Any CPU
		{1C6C79D4-3115-42C3-85A9-6596F9087AAB}.Debug|Any CPU.ActiveCfg = Debug|Any CPU
		{1C6C79D4-3115-42C3-85A9-6596F9087AAB}.Debug|Any CPU.Build.0 = Debug|Any CPU
		{1C6C79D4-3115-42C3-85A9-6596F9087AAB}.Release|Any CPU.ActiveCfg = Release|Any CPU
		{1C6C79D4-3115-42C3-85A9-6596F9087AAB}.Release|Any CPU.Build.0 = Release|Any CPU
		{7DD9A420-31F1-4755-BA3B-5BC5D67EC8F4}.Debug|Any CPU.ActiveCfg = Debug|Any CPU
		{7DD9A420-31F1-4755-BA3B-5BC5D67EC8F4}.Debug|Any CPU.Build.0 = Debug|Any CPU
		{7DD9A420-31F1-4755-BA3B-5BC5D67EC8F4}.Release|Any CPU.ActiveCfg = Release|Any CPU
		{7DD9A420-31F1-4755-BA3B-5BC5D67EC8F4}.Release|Any CPU.Build.0 = Release|Any CPU
		{A7700C03-E854-4CF9-A60A-CA2D4EBE6C73}.Debug|Any CPU.ActiveCfg = Debug|Any CPU
		{A7700C03-E854-4CF9-A60A-CA2D4EBE6C73}.Debug|Any CPU.Build.0 = Debug|Any CPU
		{A7700C03-E854-4CF9-A60A-CA2D4EBE6C73}.Release|Any CPU.ActiveCfg = Release|Any CPU
		{A7700C03-E854-4CF9-A60A-CA2D4EBE6C73}.Release|Any CPU.Build.0 = Release|Any CPU
		{58365856-50BD-459C-86C6-D84BE1BF4F32}.Debug|Any CPU.ActiveCfg = Debug|Any CPU
		{58365856-50BD-459C-86C6-D84BE1BF4F32}.Debug|Any CPU.Build.0 = Debug|Any CPU
		{58365856-50BD-459C-86C6-D84BE1BF4F32}.Release|Any CPU.ActiveCfg = Release|Any CPU
		{58365856-50BD-459C-86C6-D84BE1BF4F32}.Release|Any CPU.Build.0 = Release|Any CPU
		{9CB0B3A7-0A6E-4546-880A-2C7E9AF63EAA}.Debug|Any CPU.ActiveCfg = Debug|Any CPU
		{9CB0B3A7-0A6E-4546-880A-2C7E9AF63EAA}.Debug|Any CPU.Build.0 = Debug|Any CPU
		{9CB0B3A7-0A6E-4546-880A-2C7E9AF63EAA}.Release|Any CPU.ActiveCfg = Release|Any CPU
		{9CB0B3A7-0A6E-4546-880A-2C7E9AF63EAA}.Release|Any CPU.Build.0 = Release|Any CPU
		{B3BB946E-4318-4864-8A99-1C9607819068}.Debug|Any CPU.ActiveCfg = Debug|Any CPU
		{B3BB946E-4318-4864-8A99-1C9607819068}.Debug|Any CPU.Build.0 = Debug|Any CPU
		{B3BB946E-4318-4864-8A99-1C9607819068}.Release|Any CPU.ActiveCfg = Release|Any CPU
		{B3BB946E-4318-4864-8A99-1C9607819068}.Release|Any CPU.Build.0 = Release|Any CPU
		{8C1352CD-05B7-4289-9382-C0BAC01C9971}.Debug|Any CPU.ActiveCfg = Debug|Any CPU
		{8C1352CD-05B7-4289-9382-C0BAC01C9971}.Debug|Any CPU.Build.0 = Debug|Any CPU
		{8C1352CD-05B7-4289-9382-C0BAC01C9971}.Release|Any CPU.ActiveCfg = Release|Any CPU
		{8C1352CD-05B7-4289-9382-C0BAC01C9971}.Release|Any CPU.Build.0 = Release|Any CPU
	EndGlobalSection
	GlobalSection(SolutionProperties) = preSolution
		HideSolutionNode = FALSE
	EndGlobalSection
	GlobalSection(NestedProjects) = preSolution
		{F79CA05E-5399-4337-A33E-35FD84B9191C} = {6880F8F8-069D-4D97-9921-E8FC5E358A8E}
		{2D37E6C3-583B-4508-81C5-542578F39C62} = {6880F8F8-069D-4D97-9921-E8FC5E358A8E}
		{5D94ADBF-A878-40A9-82DE-B89570EDDD3B} = {6880F8F8-069D-4D97-9921-E8FC5E358A8E}
		{FE93B904-74DC-46AA-AEDB-6412D8900DE9} = {6880F8F8-069D-4D97-9921-E8FC5E358A8E}
		{0172E054-26E2-40E2-8386-2F8AB553DF34} = {6880F8F8-069D-4D97-9921-E8FC5E358A8E}
		{E6AE8D5B-A4C0-43C4-8998-1788D74924C1} = {35F61A85-2912-4389-BA59-6F6345C10D55}
		{C0F6E6E2-2EBE-4100-99E5-6B748BDA0311} = {35F61A85-2912-4389-BA59-6F6345C10D55}
		{E44E1A57-0206-491B-AA60-618FF39086EE} = {35F61A85-2912-4389-BA59-6F6345C10D55}
		{91D795B5-F65C-47AA-B5DC-B404C1C67575} = {35F61A85-2912-4389-BA59-6F6345C10D55}
		{54C89DB9-2DFD-4260-A372-B4CA5063B38E} = {35F61A85-2912-4389-BA59-6F6345C10D55}
		{D28A54AB-EA3E-4504-818D-0E5D4377F265} = {35F61A85-2912-4389-BA59-6F6345C10D55}
		{CCF98EF8-4898-4591-9E13-1AC3C382DB3B} = {35F61A85-2912-4389-BA59-6F6345C10D55}
		{1C6C79D4-3115-42C3-85A9-6596F9087AAB} = {FC22119D-5173-437E-A062-80EA1A04DFC7}
		{7DD9A420-31F1-4755-BA3B-5BC5D67EC8F4} = {FC22119D-5173-437E-A062-80EA1A04DFC7}
		{A7700C03-E854-4CF9-A60A-CA2D4EBE6C73} = {FC22119D-5173-437E-A062-80EA1A04DFC7}
		{58365856-50BD-459C-86C6-D84BE1BF4F32} = {FC22119D-5173-437E-A062-80EA1A04DFC7}
		{9CB0B3A7-0A6E-4546-880A-2C7E9AF63EAA} = {FC22119D-5173-437E-A062-80EA1A04DFC7}
		{B3BB946E-4318-4864-8A99-1C9607819068} = {FC22119D-5173-437E-A062-80EA1A04DFC7}
		{8C1352CD-05B7-4289-9382-C0BAC01C9971} = {FC22119D-5173-437E-A062-80EA1A04DFC7}
	EndGlobalSection
EndGlobal
